# This file is automatically @generated by rotriever.
# It is not intended for manual editing.
lockfile_format_version = 0

[[package]]
name = "RobloxPromise"
type = "git"
source = "https://github.com/kylaaa/robloxpromise"
commit = "40a9cecdaa7be1836e2375094a8033e90d23471e"
rev = "master"

[[package]]
name = "UtilTable"
type = "git"
source = "https://github.com/kylaaa/robloxutiltable"
commit = "4a5172a7a88d5041f7b2cf9db458def7feb36a1b"
rev = "master"
